
Microsoft Visual Studio Solution File, Format Version 12.00
# Visual Studio Version 16
VisualStudioVersion = 16.0.29009.5
MinimumVisualStudioVersion = 10.0.40219.1
Project("{FAE04EC0-301F-11D3-BF4B-00C04F79EFBC}") = "GameOfBotHeroesVsMonsters", "GameOfBotHeroesVsMonsters\GameOfBotHeroesVsMonsters.csproj", "{381AAF22-A719-4C6B-9A29-9BF0C6C907BF}"
EndProject
Global
	GlobalSection(SolutionConfigurationPlatforms) = preSolution
		Debug|Any CPU = Debug|Any CPU
		Release|Any CPU = Release|Any CPU
	EndGlobalSection
	GlobalSection(ProjectConfigurationPlatforms) = postSolution
		{381AAF22-A719-4C6B-9A29-9BF0C6C907BF}.Debug|Any CPU.ActiveCfg = Debug|Any CPU
		{381AAF22-A719-4C6B-9A29-9BF0C6C907BF}.Debug|Any CPU.Build.0 = Debug|Any CPU
		{381AAF22-A719-4C6B-9A29-9BF0C6C907BF}.Release|Any CPU.ActiveCfg = Release|Any CPU
		{381AAF22-A719-4C6B-9A29-9BF0C6C907BF}.Release|Any CPU.Build.0 = Release|Any CPU
	EndGlobalSection
	GlobalSection(SolutionProperties) = preSolution
		HideSolutionNode = FALSE
	EndGlobalSection
	GlobalSection(ExtensibilityGlobals) = postSolution
		SolutionGuid = {E5648FED-55A9-4818-8FD8-D1C385F70696}
	EndGlobalSection
EndGlobal
